{
  "pins" : [
    {
      "identity" : "swift-case-paths",
      "kind" : "remoteSourceControl",
      "location" : "https://github.com/pointfreeco/swift-case-paths.git",
      "state" : {
        "revision" : "15bba50ebf3a2065388c8d12210debe4f6ada202",
        "version" : "0.10.0"
      }
    }
  ],
  "version" : 2
}
